// !$*UTF8*$!
{
	archiveVersion = 1;
	classes = {
	};
	objectVersion = 46;
	objects = {

/* Begin PBXBuildFile section */
		0553EE4D1D5CD68C009F311F /* main.m in Sources */ = {isa = PBXBuildFile; fileRef = 0553EE4C1D5CD68C009F311F /* main.m */; };
		0553EE501D5CD68C009F311F /* AppDelegate.m in Sources */ = {isa = PBXBuildFile; fileRef = 0553EE4F1D5CD68C009F311F /* AppDelegate.m */; };
		0553EE561D5CD68C009F311F /* Main.storyboard in Resources */ = {isa = PBXBuildFile; fileRef = 0553EE541D5CD68C009F311F /* Main.storyboard */; };
		0553EE581D5CD68C009F311F /* Assets.xcassets in Resources */ = {isa = PBXBuildFile; fileRef = 0553EE571D5CD68C009F311F /* Assets.xcassets */; };
		0553EE5B1D5CD68C009F311F /* LaunchScreen.storyboard in Resources */ = {isa = PBXBuildFile; fileRef = 0553EE591D5CD68C009F311F /* LaunchScreen.storyboard */; };
		0553EE661D5CD68C009F311F /* ZDRichTextDemoTests.m in Sources */ = {isa = PBXBuildFile; fileRef = 0553EE651D5CD68C009F311F /* ZDRichTextDemoTests.m */; };
		0553EE711D5CD68C009F311F /* ZDRichTextDemoUITests.m in Sources */ = {isa = PBXBuildFile; fileRef = 0553EE701D5CD68C009F311F /* ZDRichTextDemoUITests.m */; };
		BC0DBDEA1DC34B6E00FBED4D /* NotificationViewController.m in Sources */ = {isa = PBXBuildFile; fileRef = BC0DBDE71DC34B6E00FBED4D /* NotificationViewController.m */; };
		BC0DBDEB1DC34B6E00FBED4D /* FirstViewController.m in Sources */ = {isa = PBXBuildFile; fileRef = BC0DBDE91DC34B6E00FBED4D /* FirstViewController.m */; };
		BC0DBDEE1DC34BD500FBED4D /* ZDCoreTextController.m in Sources */ = {isa = PBXBuildFile; fileRef = BC0DBDED1DC34BD500FBED4D /* ZDCoreTextController.m */; };
		BC0DBDF21DC363E200FBED4D /* ZDCoreTextView.m in Sources */ = {isa = PBXBuildFile; fileRef = BC0DBDF11DC363E200FBED4D /* ZDCoreTextView.m */; };
		BC0DBDF51DC3707B00FBED4D /* hami.png in Resources */ = {isa = PBXBuildFile; fileRef = BC0DBDF41DC3707B00FBED4D /* hami.png */; };
		BC52AB981E8CF24200CB26D5 /* ZDLabel.m in Sources */ = {isa = PBXBuildFile; fileRef = BC52AB971E8CF24200CB26D5 /* ZDLabel.m */; };
		BC73B3361D61CEB80095A8F3 /* Images.xcassets in Resources */ = {isa = PBXBuildFile; fileRef = BC73B3351D61CEB80095A8F3 /* Images.xcassets */; };
/* End PBXBuildFile section */

/* Begin PBXContainerItemProxy section */
		0553EE621D5CD68C009F311F /* PBXContainerItemProxy */ = {
			isa = PBXContainerItemProxy;
			containerPortal = 0553EE401D5CD68B009F311F /* Project object */;
			proxyType = 1;
			remoteGlobalIDString = 0553EE471D5CD68B009F311F;
			remoteInfo = ZDRichTextDemo;
		};
		0553EE6D1D5CD68C009F311F /* PBXContainerItemProxy */ = {
			isa = PBXContainerItemProxy;
			containerPortal = 0553EE401D5CD68B009F311F /* Project object */;
			proxyType = 1;
			remoteGlobalIDString = 0553EE471D5CD68B009F311F;
			remoteInfo = ZDRichTextDemo;
		};
/* End PBXContainerItemProxy section */

/* Begin PBXFileReference section */
		0553EE481D5CD68B009F311F /* ZDRichTextDemo.app */ = {isa = PBXFileReference; explicitFileType = wrapper.application; includeInIndex = 0; path = ZDRichTextDemo.app; sourceTree = BUILT_PRODUCTS_DIR; };
		0553EE4C1D5CD68C009F311F /* main.m */ = {isa = PBXFileReference; lastKnownFileType = sourcecode.c.objc; path = main.m; sourceTree = "<group>"; };
		0553EE4E1D5CD68C009F311F /* AppDelegate.h */ = {isa = PBXFileReference; lastKnownFileType = sourcecode.c.h; path = AppDelegate.h; sourceTree = "<group>"; };
		0553EE4F1D5CD68C009F311F /* AppDelegate.m */ = {isa = PBXFileReference; lastKnownFileType = sourcecode.c.objc; path = AppDelegate.m; sourceTree = "<group>"; };
		0553EE551D5CD68C009F311F /* Base */ = {isa = PBXFileReference; lastKnownFileType = file.storyboard; name = Base; path = Base.lproj/Main.storyboard; sourceTree = "<group>"; };
		0553EE571D5CD68C009F311F /* Assets.xcassets */ = {isa = PBXFileReference; lastKnownFileType = folder.assetcatalog; path = Assets.xcassets; sourceTree = "<group>"; };
		0553EE5A1D5CD68C009F311F /* Base */ = {isa = PBXFileReference; lastKnownFileType = file.storyboard; name = Base; path = Base.lproj/LaunchScreen.storyboard; sourceTree = "<group>"; };
		0553EE5C1D5CD68C009F311F /* Info.plist */ = {isa = PBXFileReference; lastKnownFileType = text.plist.xml; path = Info.plist; sourceTree = "<group>"; };
		0553EE611D5CD68C009F311F /* ZDRichTextDemoTests.xctest */ = {isa = PBXFileReference; explicitFileType = wrapper.cfbundle; includeInIndex = 0; path = ZDRichTextDemoTests.xctest; sourceTree = BUILT_PRODUCTS_DIR; };
		0553EE651D5CD68C009F311F /* ZDRichTextDemoTests.m */ = {isa = PBXFileReference; lastKnownFileType = sourcecode.c.objc; path = ZDRichTextDemoTests.m; sourceTree = "<group>"; };
		0553EE671D5CD68C009F311F /* Info.plist */ = {isa = PBXFileReference; lastKnownFileType = text.plist.xml; path = Info.plist; sourceTree = "<group>"; };
		0553EE6C1D5CD68C009F311F /* ZDRichTextDemoUITests.xctest */ = {isa = PBXFileReference; explicitFileType = wrapper.cfbundle; includeInIndex = 0; path = ZDRichTextDemoUITests.xctest; sourceTree = BUILT_PRODUCTS_DIR; };
		0553EE701D5CD68C009F311F /* ZDRichTextDemoUITests.m */ = {isa = PBXFileReference; lastKnownFileType = sourcecode.c.objc; path = ZDRichTextDemoUITests.m; sourceTree = "<group>"; };
		0553EE721D5CD68C009F311F /* Info.plist */ = {isa = PBXFileReference; lastKnownFileType = text.plist.xml; path = Info.plist; sourceTree = "<group>"; };
		BC0DBDE61DC34B6E00FBED4D /* NotificationViewController.h */ = {isa = PBXFileReference; fileEncoding = 4; lastKnownFileType = sourcecode.c.h; path = NotificationViewController.h; sourceTree = "<group>"; };
		BC0DBDE71DC34B6E00FBED4D /* NotificationViewController.m */ = {isa = PBXFileReference; fileEncoding = 4; lastKnownFileType = sourcecode.c.objc; path = NotificationViewController.m; sourceTree = "<group>"; };
		BC0DBDE81DC34B6E00FBED4D /* FirstViewController.h */ = {isa = PBXFileReference; fileEncoding = 4; lastKnownFileType = sourcecode.c.h; path = FirstViewController.h; sourceTree = "<group>"; };
		BC0DBDE91DC34B6E00FBED4D /* FirstViewController.m */ = {isa = PBXFileReference; fileEncoding = 4; lastKnownFileType = sourcecode.c.objc; path = FirstViewController.m; sourceTree = "<group>"; };
		BC0DBDEC1DC34BD500FBED4D /* ZDCoreTextController.h */ = {isa = PBXFileReference; fileEncoding = 4; lastKnownFileType = sourcecode.c.h; path = ZDCoreTextController.h; sourceTree = "<group>"; };
		BC0DBDED1DC34BD500FBED4D /* ZDCoreTextController.m */ = {isa = PBXFileReference; fileEncoding = 4; lastKnownFileType = sourcecode.c.objc; path = ZDCoreTextController.m; sourceTree = "<group>"; };
		BC0DBDF01DC363E200FBED4D /* ZDCoreTextView.h */ = {isa = PBXFileReference; fileEncoding = 4; lastKnownFileType = sourcecode.c.h; path = ZDCoreTextView.h; sourceTree = "<group>"; };
		BC0DBDF11DC363E200FBED4D /* ZDCoreTextView.m */ = {isa = PBXFileReference; fileEncoding = 4; lastKnownFileType = sourcecode.c.objc; path = ZDCoreTextView.m; sourceTree = "<group>"; };
		BC0DBDF41DC3707B00FBED4D /* hami.png */ = {isa = PBXFileReference; lastKnownFileType = image.png; path = hami.png; sourceTree = "<group>"; };
		BC52AB961E8CF24200CB26D5 /* ZDLabel.h */ = {isa = PBXFileReference; fileEncoding = 4; lastKnownFileType = sourcecode.c.h; path = ZDLabel.h; sourceTree = "<group>"; };
		BC52AB971E8CF24200CB26D5 /* ZDLabel.m */ = {isa = PBXFileReference; fileEncoding = 4; lastKnownFileType = sourcecode.c.objc; path = ZDLabel.m; sourceTree = "<group>"; };
		BC73B3351D61CEB80095A8F3 /* Images.xcassets */ = {isa = PBXFileReference; lastKnownFileType = folder.assetcatalog; path = Images.xcassets; sourceTree = "<group>"; };
/* End PBXFileReference section */

/* Begin PBXFrameworksBuildPhase section */
		0553EE451D5CD68B009F311F /* Frameworks */ = {
			isa = PBXFrameworksBuildPhase;
			buildActionMask = 2147483647;
			files = (
			);
			runOnlyForDeploymentPostprocessing = 0;
		};
		0553EE5E1D5CD68C009F311F /* Frameworks */ = {
			isa = PBXFrameworksBuildPhase;
			buildActionMask = 2147483647;
			files = (
			);
			runOnlyForDeploymentPostprocessing = 0;
		};
		0553EE691D5CD68C009F311F /* Frameworks */ = {
			isa = PBXFrameworksBuildPhase;
			buildActionMask = 2147483647;
			files = (
			);
			runOnlyForDeploymentPostprocessing = 0;
		};
/* End PBXFrameworksBuildPhase section */

/* Begin PBXGroup section */
		0553EE3F1D5CD68B009F311F = {
			isa = PBXGroup;
			children = (
				0553EE4A1D5CD68C009F311F /* ZDRichTextDemo */,
				0553EE641D5CD68C009F311F /* ZDRichTextDemoTests */,
				0553EE6F1D5CD68C009F311F /* ZDRichTextDemoUITests */,
				0553EE491D5CD68B009F311F /* Products */,
			);
			sourceTree = "<group>";
		};
		0553EE491D5CD68B009F311F /* Products */ = {
			isa = PBXGroup;
			children = (
				0553EE481D5CD68B009F311F /* ZDRichTextDemo.app */,
				0553EE611D5CD68C009F311F /* ZDRichTextDemoTests.xctest */,
				0553EE6C1D5CD68C009F311F /* ZDRichTextDemoUITests.xctest */,
			);
			name = Products;
			sourceTree = "<group>";
		};
		0553EE4A1D5CD68C009F311F /* ZDRichTextDemo */ = {
			isa = PBXGroup;
			children = (
				BC0DBDE51DC34B3000FBED4D /* ViewControllers */,
				BC0DBDEF1DC363C900FBED4D /* Views */,
				BC0DBDF31DC3707B00FBED4D /* Sources */,
				0553EE4E1D5CD68C009F311F /* AppDelegate.h */,
				0553EE4F1D5CD68C009F311F /* AppDelegate.m */,
				0553EE541D5CD68C009F311F /* Main.storyboard */,
				0553EE571D5CD68C009F311F /* Assets.xcassets */,
				BC73B3351D61CEB80095A8F3 /* Images.xcassets */,
				0553EE591D5CD68C009F311F /* LaunchScreen.storyboard */,
				0553EE5C1D5CD68C009F311F /* Info.plist */,
				0553EE4B1D5CD68C009F311F /* Supporting Files */,
			);
			path = ZDRichTextDemo;
			sourceTree = "<group>";
		};
		0553EE4B1D5CD68C009F311F /* Supporting Files */ = {
			isa = PBXGroup;
			children = (
				0553EE4C1D5CD68C009F311F /* main.m */,
			);
			name = "Supporting Files";
			sourceTree = "<group>";
		};
		0553EE641D5CD68C009F311F /* ZDRichTextDemoTests */ = {
			isa = PBXGroup;
			children = (
				0553EE651D5CD68C009F311F /* ZDRichTextDemoTests.m */,
				0553EE671D5CD68C009F311F /* Info.plist */,
			);
			path = ZDRichTextDemoTests;
			sourceTree = "<group>";
		};
		0553EE6F1D5CD68C009F311F /* ZDRichTextDemoUITests */ = {
			isa = PBXGroup;
			children = (
				0553EE701D5CD68C009F311F /* ZDRichTextDemoUITests.m */,
				0553EE721D5CD68C009F311F /* Info.plist */,
			);
			path = ZDRichTextDemoUITests;
			sourceTree = "<group>";
		};
		BC0DBDE51DC34B3000FBED4D /* ViewControllers */ = {
			isa = PBXGroup;
			children = (
				BC0DBDE81DC34B6E00FBED4D /* FirstViewController.h */,
				BC0DBDE91DC34B6E00FBED4D /* FirstViewController.m */,
				BC0DBDE61DC34B6E00FBED4D /* NotificationViewController.h */,
				BC0DBDE71DC34B6E00FBED4D /* NotificationViewController.m */,
				BC0DBDEC1DC34BD500FBED4D /* ZDCoreTextController.h */,
				BC0DBDED1DC34BD500FBED4D /* ZDCoreTextController.m */,
			);
			path = ViewControllers;
			sourceTree = "<group>";
		};
		BC0DBDEF1DC363C900FBED4D /* Views */ = {
			isa = PBXGroup;
			children = (
				BC0DBDF01DC363E200FBED4D /* ZDCoreTextView.h */,
				BC0DBDF11DC363E200FBED4D /* ZDCoreTextView.m */,
				BC52AB961E8CF24200CB26D5 /* ZDLabel.h */,
				BC52AB971E8CF24200CB26D5 /* ZDLabel.m */,
			);
			path = Views;
			sourceTree = "<group>";
		};
		BC0DBDF31DC3707B00FBED4D /* Sources */ = {
			isa = PBXGroup;
			children = (
				BC0DBDF41DC3707B00FBED4D /* hami.png */,
			);
			path = Sources;
			sourceTree = "<group>";
		};
/* End PBXGroup section */

/* Begin PBXNativeTarget section */
		0553EE471D5CD68B009F311F /* ZDRichTextDemo */ = {
			isa = PBXNativeTarget;
			buildConfigurationList = 0553EE751D5CD68C009F311F /* Build configuration list for PBXNativeTarget "ZDRichTextDemo" */;
			buildPhases = (
				0553EE441D5CD68B009F311F /* Sources */,
				0553EE451D5CD68B009F311F /* Frameworks */,
				0553EE461D5CD68B009F311F /* Resources */,
			);
			buildRules = (
			);
			dependencies = (
			);
			name = ZDRichTextDemo;
			productName = ZDRichTextDemo;
			productReference = 0553EE481D5CD68B009F311F /* ZDRichTextDemo.app */;
			productType = "com.apple.product-type.application";
		};
		0553EE601D5CD68C009F311F /* ZDRichTextDemoTests */ = {
			isa = PBXNativeTarget;
			buildConfigurationList = 0553EE781D5CD68C009F311F /* Build configuration list for PBXNativeTarget "ZDRichTextDemoTests" */;
			buildPhases = (
				0553EE5D1D5CD68C009F311F /* Sources */,
				0553EE5E1D5CD68C009F311F /* Frameworks */,
				0553EE5F1D5CD68C009F311F /* Resources */,
			);
			buildRules = (
			);
			dependencies = (
				0553EE631D5CD68C009F311F /* PBXTargetDependency */,
			);
			name = ZDRichTextDemoTests;
			productName = ZDRichTextDemoTests;
			productReference = 0553EE611D5CD68C009F311F /* ZDRichTextDemoTests.xctest */;
			productType = "com.apple.product-type.bundle.unit-test";
		};
		0553EE6B1D5CD68C009F311F /* ZDRichTextDemoUITests */ = {
			isa = PBXNativeTarget;
			buildConfigurationList = 0553EE7B1D5CD68C009F311F /* Build configuration list for PBXNativeTarget "ZDRichTextDemoUITests" */;
			buildPhases = (
				0553EE681D5CD68C009F311F /* Sources */,
				0553EE691D5CD68C009F311F /* Frameworks */,
				0553EE6A1D5CD68C009F311F /* Resources */,
			);
			buildRules = (
			);
			dependencies = (
				0553EE6E1D5CD68C009F311F /* PBXTargetDependency */,
			);
			name = ZDRichTextDemoUITests;
			productName = ZDRichTextDemoUITests;
			productReference = 0553EE6C1D5CD68C009F311F /* ZDRichTextDemoUITests.xctest */;
			productType = "com.apple.product-type.bundle.ui-testing";
		};
/* End PBXNativeTarget section */

/* Begin PBXProject section */
		0553EE401D5CD68B009F311F /* Project object */ = {
			isa = PBXProject;
			attributes = {
				CLASSPREFIX = ZD;
				LastUpgradeCheck = 0940;
				ORGANIZATIONNAME = Zero.D.Saber;
				TargetAttributes = {
					0553EE471D5CD68B009F311F = {
						CreatedOnToolsVersion = 7.3.1;
					};
					0553EE601D5CD68C009F311F = {
						CreatedOnToolsVersion = 7.3.1;
						TestTargetID = 0553EE471D5CD68B009F311F;
					};
					0553EE6B1D5CD68C009F311F = {
						CreatedOnToolsVersion = 7.3.1;
						TestTargetID = 0553EE471D5CD68B009F311F;
					};
				};
			};
			buildConfigurationList = 0553EE431D5CD68B009F311F /* Build configuration list for PBXProject "ZDRichTextDemo" */;
			compatibilityVersion = "Xcode 3.2";
			developmentRegion = English;
			hasScannedForEncodings = 0;
			knownRegions = (
				en,
				Base,
			);
			mainGroup = 0553EE3F1D5CD68B009F311F;
			productRefGroup = 0553EE491D5CD68B009F311F /* Products */;
			projectDirPath = "";
			projectRoot = "";
			targets = (
				0553EE471D5CD68B009F311F /* ZDRichTextDemo */,
				0553EE601D5CD68C009F311F /* ZDRichTextDemoTests */,
				0553EE6B1D5CD68C009F311F /* ZDRichTextDemoUITests */,
			);
		};
/* End PBXProject section */

/* Begin PBXResourcesBuildPhase section */
		0553EE461D5CD68B009F311F /* Resources */ = {
			isa = PBXResourcesBuildPhase;
			buildActionMask = 2147483647;
			files = (
				0553EE5B1D5CD68C009F311F /* LaunchScreen.storyboard in Resources */,
				BC0DBDF51DC3707B00FBED4D /* hami.png in Resources */,
				BC73B3361D61CEB80095A8F3 /* Images.xcassets in Resources */,
				0553EE581D5CD68C009F311F /* Assets.xcassets in Resources */,
				0553EE561D5CD68C009F311F /* Main.storyboard in Resources */,
			);
			runOnlyForDeploymentPostprocessing = 0;
		};
		0553EE5F1D5CD68C009F311F /* Resources */ = {
			isa = PBXResourcesBuildPhase;
			buildActionMask = 2147483647;
			files = (
			);
			runOnlyForDeploymentPostprocessing = 0;
		};
		0553EE6A1D5CD68C009F311F /* Resources */ = {
			isa = PBXResourcesBuildPhase;
			buildActionMask = 2147483647;
			files = (
			);
			runOnlyForDeploymentPostprocessing = 0;
		};
/* End PBXResourcesBuildPhase section */

/* Begin PBXSourcesBuildPhase section */
		0553EE441D5CD68B009F311F /* Sources */ = {
			isa = PBXSourcesBuildPhase;
			buildActionMask = 2147483647;
			files = (
				0553EE501D5CD68C009F311F /* AppDelegate.m in Sources */,
				BC52AB981E8CF24200CB26D5 /* ZDLabel.m in Sources */,
				0553EE4D1D5CD68C009F311F /* main.m in Sources */,
				BC0DBDF21DC363E200FBED4D /* ZDCoreTextView.m in Sources */,
				BC0DBDEB1DC34B6E00FBED4D /* FirstViewController.m in Sources */,
				BC0DBDEA1DC34B6E00FBED4D /* NotificationViewController.m in Sources */,
				BC0DBDEE1DC34BD500FBED4D /* ZDCoreTextController.m in Sources */,
			);
			runOnlyForDeploymentPostprocessing = 0;
		};
		0553EE5D1D5CD68C009F311F /* Sources */ = {
			isa = PBXSourcesBuildPhase;
			buildActionMask = 2147483647;
			files = (
				0553EE661D5CD68C009F311F /* ZDRichTextDemoTests.m in Sources */,
			);
			runOnlyForDeploymentPostprocessing = 0;
		};
		0553EE681D5CD68C009F311F /* Sources */ = {
			isa = PBXSourcesBuildPhase;
			buildActionMask = 2147483647;
			files = (
				0553EE711D5CD68C009F311F /* ZDRichTextDemoUITests.m in Sources */,
			);
			runOnlyForDeploymentPostprocessing = 0;
		};
/* End PBXSourcesBuildPhase section */

/* Begin PBXTargetDependency section */
		0553EE631D5CD68C009F311F /* PBXTargetDependency */ = {
			isa = PBXTargetDependency;
			target = 0553EE471D5CD68B009F311F /* ZDRichTextDemo */;
			targetProxy = 0553EE621D5CD68C009F311F /* PBXContainerItemProxy */;
		};
		0553EE6E1D5CD68C009F311F /* PBXTargetDependency */ = {
			isa = PBXTargetDependency;
			target = 0553EE471D5CD68B009F311F /* ZDRichTextDemo */;
			targetProxy = 0553EE6D1D5CD68C009F311F /* PBXContainerItemProxy */;
		};
/* End PBXTargetDependency section */

/* Begin PBXVariantGroup section */
		0553EE541D5CD68C009F311F /* Main.storyboard */ = {
			isa = PBXVariantGroup;
			children = (
				0553EE551D5CD68C009F311F /* Base */,
			);
			name = Main.storyboard;
			sourceTree = "<group>";
		};
		0553EE591D5CD68C009F311F /* LaunchScreen.storyboard */ = {
			isa = PBXVariantGroup;
			children = (
				0553EE5A1D5CD68C009F311F /* Base */,
			);
			name = LaunchScreen.storyboard;
			sourceTree = "<group>";
		};
/* End PBXVariantGroup section */

/* Begin XCBuildConfiguration section */
		0553EE731D5CD68C009F311F /* Debug */ = {
			isa = XCBuildConfiguration;
			buildSettings = {
				ALWAYS_SEARCH_USER_PATHS = NO;
				CLANG_ANALYZER_NONNULL = YES;
				CLANG_CXX_LANGUAGE_STANDARD = "gnu++0x";
				CLANG_CXX_LIBRARY = "libc++";
				CLANG_ENABLE_MODULES = YES;
				CLANG_ENABLE_OBJC_ARC = YES;
				CLANG_WARN_BLOCK_CAPTURE_AUTORELEASING = YES;
				CLANG_WARN_BOOL_CONVERSION = YES;
				CLANG_WARN_COMMA = YES;
				CLANG_WARN_CONSTANT_CONVERSION = YES;
				CLANG_WARN_DEPRECATED_OBJC_IMPLEMENTATIONS = YES;
				CLANG_WARN_DIRECT_OBJC_ISA_USAGE = YES_ERROR;
				CLANG_WARN_EMPTY_BODY = YES;
				CLANG_WARN_ENUM_CONVERSION = YES;
				CLANG_WARN_INFINITE_RECURSION = YES;
				CLANG_WARN_INT_CONVERSION = YES;
				CLANG_WARN_NON_LITERAL_NULL_CONVERSION = YES;
				CLANG_WARN_OBJC_IMPLICIT_RETAIN_SELF = YES;
				CLANG_WARN_OBJC_LITERAL_CONVERSION = YES;
				CLANG_WARN_OBJC_ROOT_CLASS = YES_ERROR;
				CLANG_WARN_RANGE_LOOP_ANALYSIS = YES;
				CLANG_WARN_STRICT_PROTOTYPES = YES;
				CLANG_WARN_SUSPICIOUS_MOVE = YES;
				CLANG_WARN_UNREACHABLE_CODE = YES;
				CLANG_WARN__DUPLICATE_METHOD_MATCH = YES;
				"CODE_SIGN_IDENTITY[sdk=iphoneos*]" = "iPhone Developer";
				COPY_PHASE_STRIP = NO;
				DEBUG_INFORMATION_FORMAT = dwarf;
				ENABLE_STRICT_OBJC_MSGSEND = YES;
				ENABLE_TESTABILITY = YES;
				GCC_C_LANGUAGE_STANDARD = gnu99;
				GCC_DYNAMIC_NO_PIC = NO;
				GCC_NO_COMMON_BLOCKS = YES;
				GCC_OPTIMIZATION_LEVEL = 0;
				GCC_PREPROCESSOR_DEFINITIONS = (
					"DEBUG=1",
					"$(inherited)",
				);
				GCC_WARN_64_TO_32_BIT_CONVERSION = YES;
				GCC_WARN_ABOUT_RETURN_TYPE = YES_ERROR;
				GCC_WARN_UNDECLARED_SELECTOR = YES;
				GCC_WARN_UNINITIALIZED_AUTOS = YES_AGGRESSIVE;
				GCC_WARN_UNUSED_FUNCTION = YES;
				GCC_WARN_UNUSED_VARIABLE = YES;
				IPHONEOS_DEPLOYMENT_TARGET = 8.0;
				MTL_ENABLE_DEBUG_INFO = YES;
				ONLY_ACTIVE_ARCH = YES;
				SDKROOT = iphoneos;
				TARGETED_DEVICE_FAMILY = "1,2";
			};
			name = Debug;
		};
		0553EE741D5CD68C009F311F /* Release */ = {
			isa = XCBuildConfiguration;
			buildSettings = {
				ALWAYS_SEARCH_USER_PATHS = NO;
				CLANG_ANALYZER_NONNULL = YES;
				CLANG_CXX_LANGUAGE_STANDARD = "gnu++0x";
				CLANG_CXX_LIBRARY = "libc++";
				CLANG_ENABLE_MODULES = YES;
				CLANG_ENABLE_OBJC_ARC = YES;
				CLANG_WARN_BLOCK_CAPTURE_AUTORELEASING = YES;
				CLANG_WARN_BOOL_CONVERSION = YES;
				CLANG_WARN_COMMA = YES;
				CLANG_WARN_CONSTANT_CONVERSION = YES;
				CLANG_WARN_DEPRECATED_OBJC_IMPLEMENTATIONS = YES;
				CLANG_WARN_DIRECT_OBJC_ISA_USAGE = YES_ERROR;
				CLANG_WARN_EMPTY_BODY = YES;
				CLANG_WARN_ENUM_CONVERSION = YES;
				CLANG_WARN_INFINITE_RECURSION = YES;
				CLANG_WARN_INT_CONVERSION = YES;
				CLANG_WARN_NON_LITERAL_NULL_CONVERSION = YES;
				CLANG_WARN_OBJC_IMPLICIT_RETAIN_SELF = YES;
				CLANG_WARN_OBJC_LITERAL_CONVERSION = YES;
				CLANG_WARN_OBJC_ROOT_CLASS = YES_ERROR;
				CLANG_WARN_RANGE_LOOP_ANALYSIS = YES;
				CLANG_WARN_STRICT_PROTOTYPES = YES;
				CLANG_WARN_SUSPICIOUS_MOVE = YES;
				CLANG_WARN_UNREACHABLE_CODE = YES;
				CLANG_WARN__DUPLICATE_METHOD_MATCH = YES;
				"CODE_SIGN_IDENTITY[sdk=iphoneos*]" = "iPhone Developer";
				COPY_PHASE_STRIP = NO;
				DEBUG_INFORMATION_FORMAT = "dwarf-with-dsym";
				ENABLE_NS_ASSERTIONS = NO;
				ENABLE_STRICT_OBJC_MSGSEND = YES;
				GCC_C_LANGUAGE_STANDARD = gnu99;
				GCC_NO_COMMON_BLOCKS = YES;
				GCC_WARN_64_TO_32_BIT_CONVERSION = YES;
				GCC_WARN_ABOUT_RETURN_TYPE = YES_ERROR;
				GCC_WARN_UNDECLARED_SELECTOR = YES;
				GCC_WARN_UNINITIALIZED_AUTOS = YES_AGGRESSIVE;
				GCC_WARN_UNUSED_FUNCTION = YES;
				GCC_WARN_UNUSED_VARIABLE = YES;
				IPHONEOS_DEPLOYMENT_TARGET = 8.0;
				MTL_ENABLE_DEBUG_INFO = NO;
				SDKROOT = iphoneos;
				TARGETED_DEVICE_FAMILY = "1,2";
				VALIDATE_PRODUCT = YES;
			};
			name = Release;
		};
		0553EE761D5CD68C009F311F /* Debug */ = {
			isa = XCBuildConfiguration;
			buildSettings = {
				ASSETCATALOG_COMPILER_APPICON_NAME = AppIcon;
				CODE_SIGN_IDENTITY = "iPhone Developer";
				DEVELOPMENT_TEAM = "";
				INFOPLIST_FILE = ZDRichTextDemo/Info.plist;
				IPHONEOS_DEPLOYMENT_TARGET = 8.0;
				LD_RUNPATH_SEARCH_PATHS = "$(inherited) @executable_path/Frameworks";
				PRODUCT_BUNDLE_IDENTIFIER = ZD.ZDRichTextDemo;
				PRODUCT_NAME = "$(TARGET_NAME)";
			};
			name = Debug;
		};
		0553EE771D5CD68C009F311F /* Release */ = {
			isa = XCBuildConfiguration;
			buildSettings = {
				ASSETCATALOG_COMPILER_APPICON_NAME = AppIcon;
				CODE_SIGN_IDENTITY = "iPhone Developer";
				DEVELOPMENT_TEAM = "";
				INFOPLIST_FILE = ZDRichTextDemo/Info.plist;
				IPHONEOS_DEPLOYMENT_TARGET = 8.0;
				LD_RUNPATH_SEARCH_PATHS = "$(inherited) @executable_path/Frameworks";
				PRODUCT_BUNDLE_IDENTIFIER = ZD.ZDRichTextDemo;
				PRODUCT_NAME = "$(TARGET_NAME)";
			};
			name = Release;
		};
		0553EE791D5CD68C009F311F /* Debug */ = {
			isa = XCBuildConfiguration;
			buildSettings = {
				BUNDLE_LOADER = "$(TEST_HOST)";
				INFOPLIST_FILE = ZDRichTextDemoTests/Info.plist;
				LD_RUNPATH_SEARCH_PATHS = "$(inherited) @executable_path/Frameworks @loader_path/Frameworks";
				PRODUCT_BUNDLE_IDENTIFIER = ZD.ZDRichTextDemoTests;
				PRODUCT_NAME = "$(TARGET_NAME)";
				TEST_HOST = "$(BUILT_PRODUCTS_DIR)/ZDRichTextDemo.app/ZDRichTextDemo";
			};
			name = Debug;
		};
		0553EE7A1D5CD68C009F311F /* Release */ = {
			isa = XCBuildConfiguration;
			buildSettings = {
				BUNDLE_LOADER = "$(TEST_HOST)";
				INFOPLIST_FILE = ZDRichTextDemoTests/Info.plist;
				LD_RUNPATH_SEARCH_PATHS = "$(inherited) @executable_path/Frameworks @loader_path/Frameworks";
				PRODUCT_BUNDLE_IDENTIFIER = ZD.ZDRichTextDemoTests;
				PRODUCT_NAME = "$(TARGET_NAME)";
				TEST_HOST = "$(BUILT_PRODUCTS_DIR)/ZDRichTextDemo.app/ZDRichTextDemo";
			};
			name = Release;
		};
		0553EE7C1D5CD68C009F311F /* Debug */ = {
			isa = XCBuildConfiguration;
			buildSettings = {
				INFOPLIST_FILE = ZDRichTextDemoUITests/Info.plist;
				LD_RUNPATH_SEARCH_PATHS = "$(inherited) @executable_path/Frameworks @loader_path/Frameworks";
				PRODUCT_BUNDLE_IDENTIFIER = ZD.ZDRichTextDemoUITests;
				PRODUCT_NAME = "$(TARGET_NAME)";
				TEST_TARGET_NAME = ZDRichTextDemo;
			};
			name = Debug;
		};
		0553EE7D1D5CD68C009F311F /* Release */ = {
			isa = XCBuildConfiguration;
			buildSettings = {
				INFOPLIST_FILE = ZDRichTextDemoUITests/Info.plist;
				LD_RUNPATH_SEARCH_PATHS = "$(inherited) @executable_path/Frameworks @loader_path/Frameworks";
				PRODUCT_BUNDLE_IDENTIFIER = ZD.ZDRichTextDemoUITests;
				PRODUCT_NAME = "$(TARGET_NAME)";
				TEST_TARGET_NAME = ZDRichTextDemo;
			};
			name = Release;
		};
/* End XCBuildConfiguration section */

/* Begin XCConfigurationList section */
		0553EE431D5CD68B009F311F /* Build configuration list for PBXProject "ZDRichTextDemo" */ = {
			isa = XCConfigurationList;
			buildConfigurations = (
				0553EE731D5CD68C009F311F /* Debug */,
				0553EE741D5CD68C009F311F /* Release */,
			);
			defaultConfigurationIsVisible = 0;
			defaultConfigurationName = Release;
		};
		0553EE751D5CD68C009F311F /* Build configuration list for PBXNativeTarget "ZDRichTextDemo" */ = {
			isa = XCConfigurationList;
			buildConfigurations = (
				0553EE761D5CD68C009F311F /* Debug */,
				0553EE771D5CD68C009F311F /* Release */,
			);
			defaultConfigurationIsVisible = 0;
			defaultConfigurationName = Release;
		};
		0553EE781D5CD68C009F311F /* Build configuration list for PBXNativeTarget "ZDRichTextDemoTests" */ = {
			isa = XCConfigurationList;
			buildConfigurations = (
				0553EE791D5CD68C009F311F /* Debug */,
				0553EE7A1D5CD68C009F311F /* Release */,
			);
			defaultConfigurationIsVisible = 0;
			defaultConfigurationName = Release;
		};
		0553EE7B1D5CD68C009F311F /* Build configuration list for PBXNativeTarget "ZDRichTextDemoUITests" */ = {
			isa = XCConfigurationList;
			buildConfigurations = (
				0553EE7C1D5CD68C009F311F /* Debug */,
				0553EE7D1D5CD68C009F311F /* Release */,
			);
			defaultConfigurationIsVisible = 0;
			defaultConfigurationName = Release;
		};
/* End XCConfigurationList section */
	};
	rootObject = 0553EE401D5CD68B009F311F /* Project object */;
}
